// !$*UTF8*$!
{
	archiveVersion = 1;
	classes = {
	};
	objectVersion = 56;
	objects = {

/* Begin PBXBuildFile section */
		D96072D12A4D8BAF00A25A26 /* SportsTribeAssignmentApp.swift in Sources */ = {isa = PBXBuildFile; fileRef = D96072D02A4D8BAF00A25A26 /* SportsTribeAssignmentApp.swift */; };
		D96072D32A4D8BAF00A25A26 /* ContentView.swift in Sources */ = {isa = PBXBuildFile; fileRef = D96072D22A4D8BAF00A25A26 /* ContentView.swift */; };
		D96072D52A4D8BB100A25A26 /* Assets.xcassets in Resources */ = {isa = PBXBuildFile; fileRef = D96072D42A4D8BB100A25A26 /* Assets.xcassets */; };
		D96072D82A4D8BB100A25A26 /* Preview Assets.xcassets in Resources */ = {isa = PBXBuildFile; fileRef = D96072D72A4D8BB100A25A26 /* Preview Assets.xcassets */; };
		D96072E22A4D8BB200A25A26 /* SportsTribeAssignmentTests.swift in Sources */ = {isa = PBXBuildFile; fileRef = D96072E12A4D8BB200A25A26 /* SportsTribeAssignmentTests.swift */; };
		D96072EC2A4D8BB200A25A26 /* SportsTribeAssignmentUITests.swift in Sources */ = {isa = PBXBuildFile; fileRef = D96072EB2A4D8BB200A25A26 /* SportsTribeAssignmentUITests.swift */; };
		D96072EE2A4D8BB200A25A26 /* SportsTribeAssignmentUITestsLaunchTests.swift in Sources */ = {isa = PBXBuildFile; fileRef = D96072ED2A4D8BB200A25A26 /* SportsTribeAssignmentUITestsLaunchTests.swift */; };
		D96072FF2A4D8E3000A25A26 /* FirebaseAuth in Frameworks */ = {isa = PBXBuildFile; productRef = D96072FE2A4D8E3000A25A26 /* FirebaseAuth */; };
		D96073022A4D95F400A25A26 /* GoogleService-Info.plist in Resources */ = {isa = PBXBuildFile; fileRef = D96073012A4D95F400A25A26 /* GoogleService-Info.plist */; };
		D96073032A4D963800A25A26 /* GoogleService-Info.plist in Resources */ = {isa = PBXBuildFile; fileRef = D96073012A4D95F400A25A26 /* GoogleService-Info.plist */; };
		D96073192A4DA15900A25A26 /* LufgaBold.ttf in Resources */ = {isa = PBXBuildFile; fileRef = D96073152A4DA15800A25A26 /* LufgaBold.ttf */; };
		D960731A2A4DA15900A25A26 /* LufgaBold.ttf in Resources */ = {isa = PBXBuildFile; fileRef = D96073152A4DA15800A25A26 /* LufgaBold.ttf */; };
		D960731B2A4DA15900A25A26 /* LufgaBold.ttf in Resources */ = {isa = PBXBuildFile; fileRef = D96073152A4DA15800A25A26 /* LufgaBold.ttf */; };
		D960731C2A4DA15900A25A26 /* LufgaMedium.ttf in Resources */ = {isa = PBXBuildFile; fileRef = D96073162A4DA15800A25A26 /* LufgaMedium.ttf */; };
		D960731D2A4DA15900A25A26 /* LufgaMedium.ttf in Resources */ = {isa = PBXBuildFile; fileRef = D96073162A4DA15800A25A26 /* LufgaMedium.ttf */; };
		D960731E2A4DA15900A25A26 /* LufgaMedium.ttf in Resources */ = {isa = PBXBuildFile; fileRef = D96073162A4DA15800A25A26 /* LufgaMedium.ttf */; };
		D960731F2A4DA15900A25A26 /* LufgaRegular.ttf in Resources */ = {isa = PBXBuildFile; fileRef = D96073172A4DA15900A25A26 /* LufgaRegular.ttf */; };
		D96073202A4DA15900A25A26 /* LufgaRegular.ttf in Resources */ = {isa = PBXBuildFile; fileRef = D96073172A4DA15900A25A26 /* LufgaRegular.ttf */; };
		D96073212A4DA15900A25A26 /* LufgaRegular.ttf in Resources */ = {isa = PBXBuildFile; fileRef = D96073172A4DA15900A25A26 /* LufgaRegular.ttf */; };
		D96073222A4DA15900A25A26 /* LufgaSemiBold.ttf in Resources */ = {isa = PBXBuildFile; fileRef = D96073182A4DA15900A25A26 /* LufgaSemiBold.ttf */; };
		D96073232A4DA15900A25A26 /* LufgaSemiBold.ttf in Resources */ = {isa = PBXBuildFile; fileRef = D96073182A4DA15900A25A26 /* LufgaSemiBold.ttf */; };
		D96073242A4DA15900A25A26 /* LufgaSemiBold.ttf in Resources */ = {isa = PBXBuildFile; fileRef = D96073182A4DA15900A25A26 /* LufgaSemiBold.ttf */; };
		D96073262A4DF4C100A25A26 /* OTPView.swift in Sources */ = {isa = PBXBuildFile; fileRef = D96073252A4DF4C000A25A26 /* OTPView.swift */; };
		D96073272A4DF4C100A25A26 /* OTPView.swift in Sources */ = {isa = PBXBuildFile; fileRef = D96073252A4DF4C000A25A26 /* OTPView.swift */; };
		D96073282A4DF4C100A25A26 /* OTPView.swift in Sources */ = {isa = PBXBuildFile; fileRef = D96073252A4DF4C000A25A26 /* OTPView.swift */; };
		D96073312A4E136A00A25A26 /* LoggedInView.swift in Sources */ = {isa = PBXBuildFile; fileRef = D96073302A4E136A00A25A26 /* LoggedInView.swift */; };
		D96073322A4E136A00A25A26 /* LoggedInView.swift in Sources */ = {isa = PBXBuildFile; fileRef = D96073302A4E136A00A25A26 /* LoggedInView.swift */; };
		D96073332A4E136A00A25A26 /* LoggedInView.swift in Sources */ = {isa = PBXBuildFile; fileRef = D96073302A4E136A00A25A26 /* LoggedInView.swift */; };
/* End PBXBuildFile section */

/* Begin PBXContainerItemProxy section */
		D96072DE2A4D8BB200A25A26 /* PBXContainerItemProxy */ = {
			isa = PBXContainerItemProxy;
			containerPortal = D96072C52A4D8BAF00A25A26 /* Project object */;
			proxyType = 1;
			remoteGlobalIDString = D96072CC2A4D8BAF00A25A26;
			remoteInfo = SportsTribeAssignment;
		};
		D96072E82A4D8BB200A25A26 /* PBXContainerItemProxy */ = {
			isa = PBXContainerItemProxy;
			containerPortal = D96072C52A4D8BAF00A25A26 /* Project object */;
			proxyType = 1;
			remoteGlobalIDString = D96072CC2A4D8BAF00A25A26;
			remoteInfo = SportsTribeAssignment;
		};
/* End PBXContainerItemProxy section */

/* Begin PBXFileReference section */
		D96072CD2A4D8BAF00A25A26 /* SportsTribeAssignment.app */ = {isa = PBXFileReference; explicitFileType = wrapper.application; includeInIndex = 0; path = SportsTribeAssignment.app; sourceTree = BUILT_PRODUCTS_DIR; };
		D96072D02A4D8BAF00A25A26 /* SportsTribeAssignmentApp.swift */ = {isa = PBXFileReference; lastKnownFileType = sourcecode.swift; path = SportsTribeAssignmentApp.swift; sourceTree = "<group>"; };
		D96072D22A4D8BAF00A25A26 /* ContentView.swift */ = {isa = PBXFileReference; lastKnownFileType = sourcecode.swift; path = ContentView.swift; sourceTree = "<group>"; };
		D96072D42A4D8BB100A25A26 /* Assets.xcassets */ = {isa = PBXFileReference; lastKnownFileType = folder.assetcatalog; path = Assets.xcassets; sourceTree = "<group>"; };
		D96072D72A4D8BB100A25A26 /* Preview Assets.xcassets */ = {isa = PBXFileReference; lastKnownFileType = folder.assetcatalog; path = "Preview Assets.xcassets"; sourceTree = "<group>"; };
		D96072DD2A4D8BB200A25A26 /* SportsTribeAssignmentTests.xctest */ = {isa = PBXFileReference; explicitFileType = wrapper.cfbundle; includeInIndex = 0; path = SportsTribeAssignmentTests.xctest; sourceTree = BUILT_PRODUCTS_DIR; };
		D96072E12A4D8BB200A25A26 /* SportsTribeAssignmentTests.swift */ = {isa = PBXFileReference; lastKnownFileType = sourcecode.swift; path = SportsTribeAssignmentTests.swift; sourceTree = "<group>"; };
		D96072E72A4D8BB200A25A26 /* SportsTribeAssignmentUITests.xctest */ = {isa = PBXFileReference; explicitFileType = wrapper.cfbundle; includeInIndex = 0; path = SportsTribeAssignmentUITests.xctest; sourceTree = BUILT_PRODUCTS_DIR; };
		D96072EB2A4D8BB200A25A26 /* SportsTribeAssignmentUITests.swift */ = {isa = PBXFileReference; lastKnownFileType = sourcecode.swift; path = SportsTribeAssignmentUITests.swift; sourceTree = "<group>"; };
		D96072ED2A4D8BB200A25A26 /* SportsTribeAssignmentUITestsLaunchTests.swift */ = {isa = PBXFileReference; lastKnownFileType = sourcecode.swift; path = SportsTribeAssignmentUITestsLaunchTests.swift; sourceTree = "<group>"; };
		D96072FC2A4D8D8A00A25A26 /* Info.plist */ = {isa = PBXFileReference; lastKnownFileType = text.plist; name = Info.plist; path = "Preview Content/Info.plist"; sourceTree = "<group>"; };
		D96073002A4D8F3400A25A26 /* SportsTribeAssignment.entitlements */ = {isa = PBXFileReference; lastKnownFileType = text.plist.entitlements; path = SportsTribeAssignment.entitlements; sourceTree = "<group>"; };
		D96073012A4D95F400A25A26 /* GoogleService-Info.plist */ = {isa = PBXFileReference; fileEncoding = 4; lastKnownFileType = text.plist.xml; path = "GoogleService-Info.plist"; sourceTree = "<group>"; };
		D96073152A4DA15800A25A26 /* LufgaBold.ttf */ = {isa = PBXFileReference; lastKnownFileType = file; path = LufgaBold.ttf; sourceTree = "<group>"; };
		D96073162A4DA15800A25A26 /* LufgaMedium.ttf */ = {isa = PBXFileReference; lastKnownFileType = file; path = LufgaMedium.ttf; sourceTree = "<group>"; };
		D96073172A4DA15900A25A26 /* LufgaRegular.ttf */ = {isa = PBXFileReference; lastKnownFileType = file; path = LufgaRegular.ttf; sourceTree = "<group>"; };
		D96073182A4DA15900A25A26 /* LufgaSemiBold.ttf */ = {isa = PBXFileReference; lastKnownFileType = file; path = LufgaSemiBold.ttf; sourceTree = "<group>"; };
		D96073252A4DF4C000A25A26 /* OTPView.swift */ = {isa = PBXFileReference; lastKnownFileType = sourcecode.swift; path = OTPView.swift; sourceTree = "<group>"; };
		D96073302A4E136A00A25A26 /* LoggedInView.swift */ = {isa = PBXFileReference; lastKnownFileType = sourcecode.swift; path = LoggedInView.swift; sourceTree = "<group>"; };
/* End PBXFileReference section */

/* Begin PBXFrameworksBuildPhase section */
		D96072CA2A4D8BAF00A25A26 /* Frameworks */ = {
			isa = PBXFrameworksBuildPhase;
			buildActionMask = 2147483647;
			files = (
				D96072FF2A4D8E3000A25A26 /* FirebaseAuth in Frameworks */,
			);
			runOnlyForDeploymentPostprocessing = 0;
		};
		D96072DA2A4D8BB200A25A26 /* Frameworks */ = {
			isa = PBXFrameworksBuildPhase;
			buildActionMask = 2147483647;
			files = (
			);
			runOnlyForDeploymentPostprocessing = 0;
		};
		D96072E42A4D8BB200A25A26 /* Frameworks */ = {
			isa = PBXFrameworksBuildPhase;
			buildActionMask = 2147483647;
			files = (
			);
			runOnlyForDeploymentPostprocessing = 0;
		};
/* End PBXFrameworksBuildPhase section */

/* Begin PBXGroup section */
		D96072C42A4D8BAF00A25A26 = {
			isa = PBXGroup;
			children = (
				D96073042A4D9FAC00A25A26 /* Fonts */,
				D96072CF2A4D8BAF00A25A26 /* SportsTribeAssignment */,
				D96072E02A4D8BB200A25A26 /* SportsTribeAssignmentTests */,
				D96072EA2A4D8BB200A25A26 /* SportsTribeAssignmentUITests */,
				D96073152A4DA15800A25A26 /* LufgaBold.ttf */,
				D96073162A4DA15800A25A26 /* LufgaMedium.ttf */,
				D96073172A4DA15900A25A26 /* LufgaRegular.ttf */,
				D96073182A4DA15900A25A26 /* LufgaSemiBold.ttf */,
				D96072CE2A4D8BAF00A25A26 /* Products */,
			);
			sourceTree = "<group>";
		};
		D96072CE2A4D8BAF00A25A26 /* Products */ = {
			isa = PBXGroup;
			children = (
				D96072CD2A4D8BAF00A25A26 /* SportsTribeAssignment.app */,
				D96072DD2A4D8BB200A25A26 /* SportsTribeAssignmentTests.xctest */,
				D96072E72A4D8BB200A25A26 /* SportsTribeAssignmentUITests.xctest */,
			);
			name = Products;
			sourceTree = "<group>";
		};
		D96072CF2A4D8BAF00A25A26 /* SportsTribeAssignment */ = {
			isa = PBXGroup;
			children = (
				D96072D02A4D8BAF00A25A26 /* SportsTribeAssignmentApp.swift */,
				D960732A2A4DF9BA00A25A26 /* Views */,
				D96073002A4D8F3400A25A26 /* SportsTribeAssignment.entitlements */,
				D96072FC2A4D8D8A00A25A26 /* Info.plist */,
				D96072D42A4D8BB100A25A26 /* Assets.xcassets */,
				D96072D62A4D8BB100A25A26 /* Preview Content */,
			);
			path = SportsTribeAssignment;
			sourceTree = "<group>";
		};
		D96072D62A4D8BB100A25A26 /* Preview Content */ = {
			isa = PBXGroup;
			children = (
				D96072D72A4D8BB100A25A26 /* Preview Assets.xcassets */,
			);
			path = "Preview Content";
			sourceTree = "<group>";
		};
		D96072E02A4D8BB200A25A26 /* SportsTribeAssignmentTests */ = {
			isa = PBXGroup;
			children = (
				D96072E12A4D8BB200A25A26 /* SportsTribeAssignmentTests.swift */,
			);
			path = SportsTribeAssignmentTests;
			sourceTree = "<group>";
		};
		D96072EA2A4D8BB200A25A26 /* SportsTribeAssignmentUITests */ = {
			isa = PBXGroup;
			children = (
				D96072EB2A4D8BB200A25A26 /* SportsTribeAssignmentUITests.swift */,
				D96073012A4D95F400A25A26 /* GoogleService-Info.plist */,
				D96072ED2A4D8BB200A25A26 /* SportsTribeAssignmentUITestsLaunchTests.swift */,
			);
			path = SportsTribeAssignmentUITests;
			sourceTree = "<group>";
		};
		D96073042A4D9FAC00A25A26 /* Fonts */ = {
			isa = PBXGroup;
			children = (
			);
			name = Fonts;
			sourceTree = "<group>";
		};
		D960732A2A4DF9BA00A25A26 /* Views */ = {
			isa = PBXGroup;
			children = (
				D96072D22A4D8BAF00A25A26 /* ContentView.swift */,
				D96073252A4DF4C000A25A26 /* OTPView.swift */,
				D96073302A4E136A00A25A26 /* LoggedInView.swift */,
			);
			name = Views;
			sourceTree = "<group>";
		};
/* End PBXGroup section */

/* Begin PBXNativeTarget section */
		D96072CC2A4D8BAF00A25A26 /* SportsTribeAssignment */ = {
			isa = PBXNativeTarget;
			buildConfigurationList = D96072F12A4D8BB200A25A26 /* Build configuration list for PBXNativeTarget "SportsTribeAssignment" */;
			buildPhases = (
				D96072C92A4D8BAF00A25A26 /* Sources */,
				D96072CA2A4D8BAF00A25A26 /* Frameworks */,
				D96072CB2A4D8BAF00A25A26 /* Resources */,
			);
			buildRules = (
			);
			dependencies = (
			);
			name = SportsTribeAssignment;
			packageProductDependencies = (
				D96072FE2A4D8E3000A25A26 /* FirebaseAuth */,
			);
			productName = SportsTribeAssignment;
			productReference = D96072CD2A4D8BAF00A25A26 /* SportsTribeAssignment.app */;
			productType = "com.apple.product-type.application";
		};
		D96072DC2A4D8BB200A25A26 /* SportsTribeAssignmentTests */ = {
			isa = PBXNativeTarget;
			buildConfigurationList = D96072F42A4D8BB200A25A26 /* Build configuration list for PBXNativeTarget "SportsTribeAssignmentTests" */;
			buildPhases = (
				D96072D92A4D8BB200A25A26 /* Sources */,
				D96072DA2A4D8BB200A25A26 /* Frameworks */,
				D96072DB2A4D8BB200A25A26 /* Resources */,
			);
			buildRules = (
			);
			dependencies = (
				D96072DF2A4D8BB200A25A26 /* PBXTargetDependency */,
			);
			name = SportsTribeAssignmentTests;
			productName = SportsTribeAssignmentTests;
			productReference = D96072DD2A4D8BB200A25A26 /* SportsTribeAssignmentTests.xctest */;
			productType = "com.apple.product-type.bundle.unit-test";
		};
		D96072E62A4D8BB200A25A26 /* SportsTribeAssignmentUITests */ = {
			isa = PBXNativeTarget;
			buildConfigurationList = D96072F72A4D8BB200A25A26 /* Build configuration list for PBXNativeTarget "SportsTribeAssignmentUITests" */;
			buildPhases = (
				D96072E32A4D8BB200A25A26 /* Sources */,
				D96072E42A4D8BB200A25A26 /* Frameworks */,
				D96072E52A4D8BB200A25A26 /* Resources */,
			);
			buildRules = (
			);
			dependencies = (
				D96072E92A4D8BB200A25A26 /* PBXTargetDependency */,
			);
			name = SportsTribeAssignmentUITests;
			productName = SportsTribeAssignmentUITests;
			productReference = D96072E72A4D8BB200A25A26 /* SportsTribeAssignmentUITests.xctest */;
			productType = "com.apple.product-type.bundle.ui-testing";
		};
/* End PBXNativeTarget section */

/* Begin PBXProject section */
		D96072C52A4D8BAF00A25A26 /* Project object */ = {
			isa = PBXProject;
			attributes = {
				BuildIndependentTargetsInParallel = 1;
				LastSwiftUpdateCheck = 1420;
				LastUpgradeCheck = 1420;
				TargetAttributes = {
					D96072CC2A4D8BAF00A25A26 = {
						CreatedOnToolsVersion = 14.2;
					};
					D96072DC2A4D8BB200A25A26 = {
						CreatedOnToolsVersion = 14.2;
						TestTargetID = D96072CC2A4D8BAF00A25A26;
					};
					D96072E62A4D8BB200A25A26 = {
						CreatedOnToolsVersion = 14.2;
						TestTargetID = D96072CC2A4D8BAF00A25A26;
					};
				};
			};
			buildConfigurationList = D96072C82A4D8BAF00A25A26 /* Build configuration list for PBXProject "SportsTribeAssignment" */;
			compatibilityVersion = "Xcode 14.0";
			developmentRegion = en;
			hasScannedForEncodings = 0;
			knownRegions = (
				en,
				Base,
			);
			mainGroup = D96072C42A4D8BAF00A25A26;
			packageReferences = (
				D96072FD2A4D8E3000A25A26 /* XCRemoteSwiftPackageReference "firebase-ios-sdk" */,
			);
			productRefGroup = D96072CE2A4D8BAF00A25A26 /* Products */;
			projectDirPath = "";
			projectRoot = "";
			targets = (
				D96072CC2A4D8BAF00A25A26 /* SportsTribeAssignment */,
				D96072DC2A4D8BB200A25A26 /* SportsTribeAssignmentTests */,
				D96072E62A4D8BB200A25A26 /* SportsTribeAssignmentUITests */,
			);
		};
/* End PBXProject section */

/* Begin PBXResourcesBuildPhase section */
		D96072CB2A4D8BAF00A25A26 /* Resources */ = {
			isa = PBXResourcesBuildPhase;
			buildActionMask = 2147483647;
			files = (
				D96072D82A4D8BB100A25A26 /* Preview Assets.xcassets in Resources */,
				D96073192A4DA15900A25A26 /* LufgaBold.ttf in Resources */,
				D96073222A4DA15900A25A26 /* LufgaSemiBold.ttf in Resources */,
				D96072D52A4D8BB100A25A26 /* Assets.xcassets in Resources */,
				D960731F2A4DA15900A25A26 /* LufgaRegular.ttf in Resources */,
				D96073032A4D963800A25A26 /* GoogleService-Info.plist in Resources */,
				D960731C2A4DA15900A25A26 /* LufgaMedium.ttf in Resources */,
			);
			runOnlyForDeploymentPostprocessing = 0;
		};
		D96072DB2A4D8BB200A25A26 /* Resources */ = {
			isa = PBXResourcesBuildPhase;
			buildActionMask = 2147483647;
			files = (
				D96073202A4DA15900A25A26 /* LufgaRegular.ttf in Resources */,
				D960731A2A4DA15900A25A26 /* LufgaBold.ttf in Resources */,
				D960731D2A4DA15900A25A26 /* LufgaMedium.ttf in Resources */,
				D96073232A4DA15900A25A26 /* LufgaSemiBold.ttf in Resources */,
			);
			runOnlyForDeploymentPostprocessing = 0;
		};
		D96072E52A4D8BB200A25A26 /* Resources */ = {
			isa = PBXResourcesBuildPhase;
			buildActionMask = 2147483647;
			files = (
				D96073022A4D95F400A25A26 /* GoogleService-Info.plist in Resources */,
				D96073212A4DA15900A25A26 /* LufgaRegular.ttf in Resources */,
				D960731B2A4DA15900A25A26 /* LufgaBold.ttf in Resources */,
				D96073242A4DA15900A25A26 /* LufgaSemiBold.ttf in Resources */,
				D960731E2A4DA15900A25A26 /* LufgaMedium.ttf in Resources */,
			);
			runOnlyForDeploymentPostprocessing = 0;
		};
/* End PBXResourcesBuildPhase section */

/* Begin PBXSourcesBuildPhase section */
		D96072C92A4D8BAF00A25A26 /* Sources */ = {
			isa = PBXSourcesBuildPhase;
			buildActionMask = 2147483647;
			files = (
				D96073312A4E136A00A25A26 /* LoggedInView.swift in Sources */,
				D96072D32A4D8BAF00A25A26 /* ContentView.swift in Sources */,
				D96072D12A4D8BAF00A25A26 /* SportsTribeAssignmentApp.swift in Sources */,
				D96073262A4DF4C100A25A26 /* OTPView.swift in Sources */,
			);
			runOnlyForDeploymentPostprocessing = 0;
		};
		D96072D92A4D8BB200A25A26 /* Sources */ = {
			isa = PBXSourcesBuildPhase;
			buildActionMask = 2147483647;
			files = (
				D96073272A4DF4C100A25A26 /* OTPView.swift in Sources */,
				D96073322A4E136A00A25A26 /* LoggedInView.swift in Sources */,
				D96072E22A4D8BB200A25A26 /* SportsTribeAssignmentTests.swift in Sources */,
			);
			runOnlyForDeploymentPostprocessing = 0;
		};
		D96072E32A4D8BB200A25A26 /* Sources */ = {
			isa = PBXSourcesBuildPhase;
			buildActionMask = 2147483647;
			files = (
				D96073332A4E136A00A25A26 /* LoggedInView.swift in Sources */,
				D96072EC2A4D8BB200A25A26 /* SportsTribeAssignmentUITests.swift in Sources */,
				D96072EE2A4D8BB200A25A26 /* SportsTribeAssignmentUITestsLaunchTests.swift in Sources */,
				D96073282A4DF4C100A25A26 /* OTPView.swift in Sources */,
			);
			runOnlyForDeploymentPostprocessing = 0;
		};
/* End PBXSourcesBuildPhase section */

/* Begin PBXTargetDependency section */
		D96072DF2A4D8BB200A25A26 /* PBXTargetDependency */ = {
			isa = PBXTargetDependency;
			target = D96072CC2A4D8BAF00A25A26 /* SportsTribeAssignment */;
			targetProxy = D96072DE2A4D8BB200A25A26 /* PBXContainerItemProxy */;
		};
		D96072E92A4D8BB200A25A26 /* PBXTargetDependency */ = {
			isa = PBXTargetDependency;
			target = D96072CC2A4D8BAF00A25A26 /* SportsTribeAssignment */;
			targetProxy = D96072E82A4D8BB200A25A26 /* PBXContainerItemProxy */;
		};
/* End PBXTargetDependency section */

/* Begin XCBuildConfiguration section */
		D96072EF2A4D8BB200A25A26 /* Debug */ = {
			isa = XCBuildConfiguration;
			buildSettings = {
				ALWAYS_SEARCH_USER_PATHS = NO;
				CLANG_ANALYZER_NONNULL = YES;
				CLANG_ANALYZER_NUMBER_OBJECT_CONVERSION = YES_AGGRESSIVE;
				CLANG_CXX_LANGUAGE_STANDARD = "gnu++20";
				CLANG_ENABLE_MODULES = YES;
				CLANG_ENABLE_OBJC_ARC = YES;
				CLANG_ENABLE_OBJC_WEAK = YES;
				CLANG_WARN_BLOCK_CAPTURE_AUTORELEASING = YES;
				CLANG_WARN_BOOL_CONVERSION = YES;
				CLANG_WARN_COMMA = YES;
				CLANG_WARN_CONSTANT_CONVERSION = YES;
				CLANG_WARN_DEPRECATED_OBJC_IMPLEMENTATIONS = YES;
				CLANG_WARN_DIRECT_OBJC_ISA_USAGE = YES_ERROR;
				CLANG_WARN_DOCUMENTATION_COMMENTS = YES;
				CLANG_WARN_EMPTY_BODY = YES;
				CLANG_WARN_ENUM_CONVERSION = YES;
				CLANG_WARN_INFINITE_RECURSION = YES;
				CLANG_WARN_INT_CONVERSION = YES;
				CLANG_WARN_NON_LITERAL_NULL_CONVERSION = YES;
				CLANG_WARN_OBJC_IMPLICIT_RETAIN_SELF = YES;
				CLANG_WARN_OBJC_LITERAL_CONVERSION = YES;
				CLANG_WARN_OBJC_ROOT_CLASS = YES_ERROR;
				CLANG_WARN_QUOTED_INCLUDE_IN_FRAMEWORK_HEADER = YES;
				CLANG_WARN_RANGE_LOOP_ANALYSIS = YES;
				CLANG_WARN_STRICT_PROTOTYPES = YES;
				CLANG_WARN_SUSPICIOUS_MOVE = YES;
				CLANG_WARN_UNGUARDED_AVAILABILITY = YES_AGGRESSIVE;
				CLANG_WARN_UNREACHABLE_CODE = YES;
				CLANG_WARN__DUPLICATE_METHOD_MATCH = YES;
				COPY_PHASE_STRIP = NO;
				DEBUG_INFORMATION_FORMAT = dwarf;
				ENABLE_STRICT_OBJC_MSGSEND = YES;
				ENABLE_TESTABILITY = YES;
				GCC_C_LANGUAGE_STANDARD = gnu11;
				GCC_DYNAMIC_NO_PIC = NO;
				GCC_NO_COMMON_BLOCKS = YES;
				GCC_OPTIMIZATION_LEVEL = 0;
				GCC_PREPROCESSOR_DEFINITIONS = (
					"DEBUG=1",
					"$(inherited)",
				);
				GCC_WARN_64_TO_32_BIT_CONVERSION = YES;
				GCC_WARN_ABOUT_RETURN_TYPE = YES_ERROR;
				GCC_WARN_UNDECLARED_SELECTOR = YES;
				GCC_WARN_UNINITIALIZED_AUTOS = YES_AGGRESSIVE;
				GCC_WARN_UNUSED_FUNCTION = YES;
				GCC_WARN_UNUSED_VARIABLE = YES;
				IPHONEOS_DEPLOYMENT_TARGET = 16.2;
				MTL_ENABLE_DEBUG_INFO = INCLUDE_SOURCE;
				MTL_FAST_MATH = YES;
				ONLY_ACTIVE_ARCH = YES;
				SDKROOT = iphoneos;
				SWIFT_ACTIVE_COMPILATION_CONDITIONS = DEBUG;
				SWIFT_OPTIMIZATION_LEVEL = "-Onone";
			};
			name = Debug;
		};
		D96072F02A4D8BB200A25A26 /* Release */ = {
			isa = XCBuildConfiguration;
			buildSettings = {
				ALWAYS_SEARCH_USER_PATHS = NO;
				CLANG_ANALYZER_NONNULL = YES;
				CLANG_ANALYZER_NUMBER_OBJECT_CONVERSION = YES_AGGRESSIVE;
				CLANG_CXX_LANGUAGE_STANDARD = "gnu++20";
				CLANG_ENABLE_MODULES = YES;
				CLANG_ENABLE_OBJC_ARC = YES;
				CLANG_ENABLE_OBJC_WEAK = YES;
				CLANG_WARN_BLOCK_CAPTURE_AUTORELEASING = YES;
				CLANG_WARN_BOOL_CONVERSION = YES;
				CLANG_WARN_COMMA = YES;
				CLANG_WARN_CONSTANT_CONVERSION = YES;
				CLANG_WARN_DEPRECATED_OBJC_IMPLEMENTATIONS = YES;
				CLANG_WARN_DIRECT_OBJC_ISA_USAGE = YES_ERROR;
				CLANG_WARN_DOCUMENTATION_COMMENTS = YES;
				CLANG_WARN_EMPTY_BODY = YES;
				CLANG_WARN_ENUM_CONVERSION = YES;
				CLANG_WARN_INFINITE_RECURSION = YES;
				CLANG_WARN_INT_CONVERSION = YES;
				CLANG_WARN_NON_LITERAL_NULL_CONVERSION = YES;
				CLANG_WARN_OBJC_IMPLICIT_RETAIN_SELF = YES;
				CLANG_WARN_OBJC_LITERAL_CONVERSION = YES;
				CLANG_WARN_OBJC_ROOT_CLASS = YES_ERROR;
				CLANG_WARN_QUOTED_INCLUDE_IN_FRAMEWORK_HEADER = YES;
				CLANG_WARN_RANGE_LOOP_ANALYSIS = YES;
				CLANG_WARN_STRICT_PROTOTYPES = YES;
				CLANG_WARN_SUSPICIOUS_MOVE = YES;
				CLANG_WARN_UNGUARDED_AVAILABILITY = YES_AGGRESSIVE;
				CLANG_WARN_UNREACHABLE_CODE = YES;
				CLANG_WARN__DUPLICATE_METHOD_MATCH = YES;
				COPY_PHASE_STRIP = NO;
				DEBUG_INFORMATION_FORMAT = "dwarf-with-dsym";
				ENABLE_NS_ASSERTIONS = NO;
				ENABLE_STRICT_OBJC_MSGSEND = YES;
				GCC_C_LANGUAGE_STANDARD = gnu11;
				GCC_NO_COMMON_BLOCKS = YES;
				GCC_WARN_64_TO_32_BIT_CONVERSION = YES;
				GCC_WARN_ABOUT_RETURN_TYPE = YES_ERROR;
				GCC_WARN_UNDECLARED_SELECTOR = YES;
				GCC_WARN_UNINITIALIZED_AUTOS = YES_AGGRESSIVE;
				GCC_WARN_UNUSED_FUNCTION = YES;
				GCC_WARN_UNUSED_VARIABLE = YES;
				IPHONEOS_DEPLOYMENT_TARGET = 16.2;
				MTL_ENABLE_DEBUG_INFO = NO;
				MTL_FAST_MATH = YES;
				SDKROOT = iphoneos;
				SWIFT_COMPILATION_MODE = wholemodule;
				SWIFT_OPTIMIZATION_LEVEL = "-O";
				VALIDATE_PRODUCT = YES;
			};
			name = Release;
		};
		D96072F22A4D8BB200A25A26 /* Debug */ = {
			isa = XCBuildConfiguration;
			buildSettings = {
				ASSETCATALOG_COMPILER_APPICON_NAME = AppIcon;
				ASSETCATALOG_COMPILER_GLOBAL_ACCENT_COLOR_NAME = AccentColor;
				CODE_SIGN_ENTITLEMENTS = SportsTribeAssignment/SportsTribeAssignment.entitlements;
				CODE_SIGN_STYLE = Automatic;
				CURRENT_PROJECT_VERSION = 1;
				DEVELOPMENT_ASSET_PATHS = "\"SportsTribeAssignment/Preview Content\"";
				DEVELOPMENT_TEAM = R5SRU82TD9;
				ENABLE_PREVIEWS = YES;
				GENERATE_INFOPLIST_FILE = YES;
				INFOPLIST_FILE = SportsTribeAssignment/Info.plist;
				INFOPLIST_KEY_UIApplicationSceneManifest_Generation = YES;
				INFOPLIST_KEY_UIApplicationSupportsIndirectInputEvents = YES;
				INFOPLIST_KEY_UILaunchScreen_Generation = YES;
				INFOPLIST_KEY_UISupportedInterfaceOrientations_iPad = "UIInterfaceOrientationPortrait UIInterfaceOrientationPortraitUpsideDown UIInterfaceOrientationLandscapeLeft UIInterfaceOrientationLandscapeRight";
				INFOPLIST_KEY_UISupportedInterfaceOrientations_iPhone = "UIInterfaceOrientationPortrait UIInterfaceOrientationLandscapeLeft UIInterfaceOrientationLandscapeRight";
				LD_RUNPATH_SEARCH_PATHS = (
					"$(inherited)",
					"@executable_path/Frameworks",
				);
				MARKETING_VERSION = 1.0;
				PRODUCT_BUNDLE_IDENTIFIER = com.kevinthomas.SportsTribeAssignment;
				PRODUCT_NAME = "$(TARGET_NAME)";
				SWIFT_EMIT_LOC_STRINGS = YES;
				SWIFT_VERSION = 5.0;
				TARGETED_DEVICE_FAMILY = "1,2";
			};
			name = Debug;
		};
		D96072F32A4D8BB200A25A26 /* Release */ = {
			isa = XCBuildConfiguration;
			buildSettings = {
				ASSETCATALOG_COMPILER_APPICON_NAME = AppIcon;
				ASSETCATALOG_COMPILER_GLOBAL_ACCENT_COLOR_NAME = AccentColor;
				CODE_SIGN_ENTITLEMENTS = SportsTribeAssignment/SportsTribeAssignment.entitlements;
				CODE_SIGN_STYLE = Automatic;
				CURRENT_PROJECT_VERSION = 1;
				DEVELOPMENT_ASSET_PATHS = "\"SportsTribeAssignment/Preview Content\"";
				DEVELOPMENT_TEAM = R5SRU82TD9;
				ENABLE_PREVIEWS = YES;
				GENERATE_INFOPLIST_FILE = YES;
				INFOPLIST_FILE = SportsTribeAssignment/Info.plist;
				INFOPLIST_KEY_UIApplicationSceneManifest_Generation = YES;
				INFOPLIST_KEY_UIApplicationSupportsIndirectInputEvents = YES;
				INFOPLIST_KEY_UILaunchScreen_Generation = YES;
				INFOPLIST_KEY_UISupportedInterfaceOrientations_iPad = "UIInterfaceOrientationPortrait UIInterfaceOrientationPortraitUpsideDown UIInterfaceOrientationLandscapeLeft UIInterfaceOrientationLandscapeRight";
				INFOPLIST_KEY_UISupportedInterfaceOrientations_iPhone = "UIInterfaceOrientationPortrait UIInterfaceOrientationLandscapeLeft UIInterfaceOrientationLandscapeRight";
				LD_RUNPATH_SEARCH_PATHS = (
					"$(inherited)",
					"@executable_path/Frameworks",
				);
				MARKETING_VERSION = 1.0;
				PRODUCT_BUNDLE_IDENTIFIER = com.kevinthomas.SportsTribeAssignment;
				PRODUCT_NAME = "$(TARGET_NAME)";
				SWIFT_EMIT_LOC_STRINGS = YES;
				SWIFT_VERSION = 5.0;
				TARGETED_DEVICE_FAMILY = "1,2";
			};
			name = Release;
		};
		D96072F52A4D8BB200A25A26 /* Debug */ = {
			isa = XCBuildConfiguration;
			buildSettings = {
				ALWAYS_EMBED_SWIFT_STANDARD_LIBRARIES = YES;
				BUNDLE_LOADER = "$(TEST_HOST)";
				CODE_SIGN_STYLE = Automatic;
				CURRENT_PROJECT_VERSION = 1;
				DEVELOPMENT_TEAM = R5SRU82TD9;
				GENERATE_INFOPLIST_FILE = YES;
				IPHONEOS_DEPLOYMENT_TARGET = 16.2;
				MARKETING_VERSION = 1.0;
				PRODUCT_BUNDLE_IDENTIFIER = com.kevinthomas.SportsTribeAssignmentTests;
				PRODUCT_NAME = "$(TARGET_NAME)";
				SWIFT_EMIT_LOC_STRINGS = NO;
				SWIFT_VERSION = 5.0;
				TARGETED_DEVICE_FAMILY = "1,2";
				TEST_HOST = "$(BUILT_PRODUCTS_DIR)/SportsTribeAssignment.app/$(BUNDLE_EXECUTABLE_FOLDER_PATH)/SportsTribeAssignment";
			};
			name = Debug;
		};
		D96072F62A4D8BB200A25A26 /* Release */ = {
			isa = XCBuildConfiguration;
			buildSettings = {
				ALWAYS_EMBED_SWIFT_STANDARD_LIBRARIES = YES;
				BUNDLE_LOADER = "$(TEST_HOST)";
				CODE_SIGN_STYLE = Automatic;
				CURRENT_PROJECT_VERSION = 1;
				DEVELOPMENT_TEAM = R5SRU82TD9;
				GENERATE_INFOPLIST_FILE = YES;
				IPHONEOS_DEPLOYMENT_TARGET = 16.2;
				MARKETING_VERSION = 1.0;
				PRODUCT_BUNDLE_IDENTIFIER = com.kevinthomas.SportsTribeAssignmentTests;
				PRODUCT_NAME = "$(TARGET_NAME)";
				SWIFT_EMIT_LOC_STRINGS = NO;
				SWIFT_VERSION = 5.0;
				TARGETED_DEVICE_FAMILY = "1,2";
				TEST_HOST = "$(BUILT_PRODUCTS_DIR)/SportsTribeAssignment.app/$(BUNDLE_EXECUTABLE_FOLDER_PATH)/SportsTribeAssignment";
			};
			name = Release;
		};
		D96072F82A4D8BB200A25A26 /* Debug */ = {
			isa = XCBuildConfiguration;
			buildSettings = {
				ALWAYS_EMBED_SWIFT_STANDARD_LIBRARIES = YES;
				CODE_SIGN_STYLE = Automatic;
				CURRENT_PROJECT_VERSION = 1;
				DEVELOPMENT_TEAM = R5SRU82TD9;
				GENERATE_INFOPLIST_FILE = YES;
				MARKETING_VERSION = 1.0;
				PRODUCT_BUNDLE_IDENTIFIER = com.kevinthomas.SportsTribeAssignmentUITests;
				PRODUCT_NAME = "$(TARGET_NAME)";
				SWIFT_EMIT_LOC_STRINGS = NO;
				SWIFT_VERSION = 5.0;
				TARGETED_DEVICE_FAMILY = "1,2";
				TEST_TARGET_NAME = SportsTribeAssignment;
			};
			name = Debug;
		};
		D96072F92A4D8BB200A25A26 /* Release */ = {
			isa = XCBuildConfiguration;
			buildSettings = {
				ALWAYS_EMBED_SWIFT_STANDARD_LIBRARIES = YES;
				CODE_SIGN_STYLE = Automatic;
				CURRENT_PROJECT_VERSION = 1;
				DEVELOPMENT_TEAM = R5SRU82TD9;
				GENERATE_INFOPLIST_FILE = YES;
				MARKETING_VERSION = 1.0;
				PRODUCT_BUNDLE_IDENTIFIER = com.kevinthomas.SportsTribeAssignmentUITests;
				PRODUCT_NAME = "$(TARGET_NAME)";
				SWIFT_EMIT_LOC_STRINGS = NO;
				SWIFT_VERSION = 5.0;
				TARGETED_DEVICE_FAMILY = "1,2";
				TEST_TARGET_NAME = SportsTribeAssignment;
			};
			name = Release;
		};
/* End XCBuildConfiguration section */

/* Begin XCConfigurationList section */
		D96072C82A4D8BAF00A25A26 /* Build configuration list for PBXProject "SportsTribeAssignment" */ = {
			isa = XCConfigurationList;
			buildConfigurations = (
				D96072EF2A4D8BB200A25A26 /* Debug */,
				D96072F02A4D8BB200A25A26 /* Release */,
			);
			defaultConfigurationIsVisible = 0;
			defaultConfigurationName = Release;
		};
		D96072F12A4D8BB200A25A26 /* Build configuration list for PBXNativeTarget "SportsTribeAssignment" */ = {
			isa = XCConfigurationList;
			buildConfigurations = (
				D96072F22A4D8BB200A25A26 /* Debug */,
				D96072F32A4D8BB200A25A26 /* Release */,
			);
			defaultConfigurationIsVisible = 0;
			defaultConfigurationName = Release;
		};
		D96072F42A4D8BB200A25A26 /* Build configuration list for PBXNativeTarget "SportsTribeAssignmentTests" */ = {
			isa = XCConfigurationList;
			buildConfigurations = (
				D96072F52A4D8BB200A25A26 /* Debug */,
				D96072F62A4D8BB200A25A26 /* Release */,
			);
			defaultConfigurationIsVisible = 0;
			defaultConfigurationName = Release;
		};
		D96072F72A4D8BB200A25A26 /* Build configuration list for PBXNativeTarget "SportsTribeAssignmentUITests" */ = {
			isa = XCConfigurationList;
			buildConfigurations = (
				D96072F82A4D8BB200A25A26 /* Debug */,
				D96072F92A4D8BB200A25A26 /* Release */,
			);
			defaultConfigurationIsVisible = 0;
			defaultConfigurationName = Release;
		};
/* End XCConfigurationList section */

/* Begin XCRemoteSwiftPackageReference section */
		D96072FD2A4D8E3000A25A26 /* XCRemoteSwiftPackageReference "firebase-ios-sdk" */ = {
			isa = XCRemoteSwiftPackageReference;
			repositoryURL = "https://github.com/firebase/firebase-ios-sdk.git";
			requirement = {
				branch = master;
				kind = branch;
			};
		};
/* End XCRemoteSwiftPackageReference section */

/* Begin XCSwiftPackageProductDependency section */
		D96072FE2A4D8E3000A25A26 /* FirebaseAuth */ = {
			isa = XCSwiftPackageProductDependency;
			package = D96072FD2A4D8E3000A25A26 /* XCRemoteSwiftPackageReference "firebase-ios-sdk" */;
			productName = FirebaseAuth;
		};
/* End XCSwiftPackageProductDependency section */
	};
	rootObject = D96072C52A4D8BAF00A25A26 /* Project object */;
}
